
Microsoft Visual Studio Solution File, Format Version 12.00
# Visual Studio Version 17
VisualStudioVersion = 17.3.32922.545
MinimumVisualStudioVersion = 10.0.40219.1
Project("{FAE04EC0-301F-11D3-BF4B-00C04F79EFBC}") = "deepl_api_tool", "deepl_api_tool\deepl_api_tool.csproj", "{A7F248E4-85CA-4549-B24C-BD9F4AFE5F8E}"
EndProject
Global
	GlobalSection(SolutionConfigurationPlatforms) = preSolution
		Debug|Any CPU = Debug|Any CPU
		Release|Any CPU = Release|Any CPU
	EndGlobalSection
	GlobalSection(ProjectConfigurationPlatforms) = postSolution
		{A7F248E4-85CA-4549-B24C-BD9F4AFE5F8E}.Debug|Any CPU.ActiveCfg = Debug|Any CPU
		{A7F248E4-85CA-4549-B24C-BD9F4AFE5F8E}.Debug|Any CPU.Build.0 = Debug|Any CPU
		{A7F248E4-85CA-4549-B24C-BD9F4AFE5F8E}.Release|Any CPU.ActiveCfg = Release|Any CPU
		{A7F248E4-85CA-4549-B24C-BD9F4AFE5F8E}.Release|Any CPU.Build.0 = Release|Any CPU
	EndGlobalSection
	GlobalSection(SolutionProperties) = preSolution
		HideSolutionNode = FALSE
	EndGlobalSection
	GlobalSection(ExtensibilityGlobals) = postSolution
		SolutionGuid = {77CCB039-4B94-4AF7-9F80-ECD2E4426490}
	EndGlobalSection
EndGlobal
